
Microsoft Visual Studio Solution File, Format Version 12.00
# Visual Studio 15
VisualStudioVersion = 15.0.27703.2042
MinimumVisualStudioVersion = 10.0.40219.1
Project("{FAE04EC0-301F-11D3-BF4B-00C04F79EFBC}") = "Mod1_Lab3", "Mod1_Lab3\Mod1_Lab3.csproj", "{4DA08C81-ABC5-4C94-A27F-B4B606BF6DBF}"
EndProject
Global
	GlobalSection(SolutionConfigurationPlatforms) = preSolution
		Debug|Any CPU = Debug|Any CPU
		Release|Any CPU = Release|Any CPU
	EndGlobalSection
	GlobalSection(ProjectConfigurationPlatforms) = postSolution
		{4DA08C81-ABC5-4C94-A27F-B4B606BF6DBF}.Debug|Any CPU.ActiveCfg = Debug|Any CPU
		{4DA08C81-ABC5-4C94-A27F-B4B606BF6DBF}.Debug|Any CPU.Build.0 = Debug|Any CPU
		{4DA08C81-ABC5-4C94-A27F-B4B606BF6DBF}.Release|Any CPU.ActiveCfg = Release|Any CPU
		{4DA08C81-ABC5-4C94-A27F-B4B606BF6DBF}.Release|Any CPU.Build.0 = Release|Any CPU
	EndGlobalSection
	GlobalSection(SolutionProperties) = preSolution
		HideSolutionNode = FALSE
	EndGlobalSection
	GlobalSection(ExtensibilityGlobals) = postSolution
		SolutionGuid = {05DEACC0-674D-4481-846A-F5A020DEF727}
	EndGlobalSection
EndGlobal
